// !$*UTF8*$!
{
	archiveVersion = 1;
	classes = {
	};
	objectVersion = 56;
	objects = {

/* Begin PBXBuildFile section */
		AFC55A2429B780DD0002C831 /* AppDelegate.swift in Sources */ = {isa = PBXBuildFile; fileRef = AFC55A2329B780DD0002C831 /* AppDelegate.swift */; };
		AFC55A2D29B780DE0002C831 /* Assets.xcassets in Resources */ = {isa = PBXBuildFile; fileRef = AFC55A2C29B780DE0002C831 /* Assets.xcassets */; };
		AFC55A3029B780DE0002C831 /* LaunchScreen.storyboard in Resources */ = {isa = PBXBuildFile; fileRef = AFC55A2E29B780DE0002C831 /* LaunchScreen.storyboard */; };
		AFC55A3F29B784A70002C831 /* MainTableView.swift in Sources */ = {isa = PBXBuildFile; fileRef = AFC55A3E29B784A70002C831 /* MainTableView.swift */; };
		AFC55A4229B784D90002C831 /* Resources.swift in Sources */ = {isa = PBXBuildFile; fileRef = AFC55A4129B784D90002C831 /* Resources.swift */; };
		AFC55A4729B785180002C831 /* String + Extension.swift in Sources */ = {isa = PBXBuildFile; fileRef = AFC55A4629B785180002C831 /* String + Extension.swift */; };
		AFC55A4929B7852A0002C831 /* Date + Extension.swift in Sources */ = {isa = PBXBuildFile; fileRef = AFC55A4829B7852A0002C831 /* Date + Extension.swift */; };
		AFC55A4C29B7854E0002C831 /* UIView + Extension.swift in Sources */ = {isa = PBXBuildFile; fileRef = AFC55A4B29B7854E0002C831 /* UIView + Extension.swift */; };
		AFC55A4E29B785690002C831 /* UIViewController + Extension.swift in Sources */ = {isa = PBXBuildFile; fileRef = AFC55A4D29B785690002C831 /* UIViewController + Extension.swift */; };
		AFC55A5029B785830002C831 /* UIBarButtonItem + Extension.swift in Sources */ = {isa = PBXBuildFile; fileRef = AFC55A4F29B785830002C831 /* UIBarButtonItem + Extension.swift */; };
		AFC55A5229B785990002C831 /* UITableView + Extension.swift in Sources */ = {isa = PBXBuildFile; fileRef = AFC55A5129B785990002C831 /* UITableView + Extension.swift */; };
		AFC55A5429B785F70002C831 /* MainViewController.swift in Sources */ = {isa = PBXBuildFile; fileRef = AFC55A5329B785F70002C831 /* MainViewController.swift */; };
		AFC55A5629B7861C0002C831 /* UserModels.swift in Sources */ = {isa = PBXBuildFile; fileRef = AFC55A5529B7861C0002C831 /* UserModels.swift */; };
		AFC55A5829B7864F0002C831 /* MainTableViewCell.swift in Sources */ = {isa = PBXBuildFile; fileRef = AFC55A5729B7864F0002C831 /* MainTableViewCell.swift */; };
		AFC55A5B29B7868A0002C831 /* UserDefaultsHelper.swift in Sources */ = {isa = PBXBuildFile; fileRef = AFC55A5A29B7868A0002C831 /* UserDefaultsHelper.swift */; };
		AFC55A6129B788F60002C831 /* EditingTableViewController.swift in Sources */ = {isa = PBXBuildFile; fileRef = AFC55A6029B788F60002C831 /* EditingTableViewController.swift */; };
		AFC55A6329B789390002C831 /* TextViewTableViewCell.swift in Sources */ = {isa = PBXBuildFile; fileRef = AFC55A6229B789390002C831 /* TextViewTableViewCell.swift */; };
		AFC55A6529B7895B0002C831 /* DatePickerTableViewCell.swift in Sources */ = {isa = PBXBuildFile; fileRef = AFC55A6429B7895B0002C831 /* DatePickerTableViewCell.swift */; };
		AFC55A6729B7897A0002C831 /* PickerViewTableViewCell.swift in Sources */ = {isa = PBXBuildFile; fileRef = AFC55A6629B7897A0002C831 /* PickerViewTableViewCell.swift */; };
		AFC55A6929B789A10002C831 /* NameTextView.swift in Sources */ = {isa = PBXBuildFile; fileRef = AFC55A6829B789A10002C831 /* NameTextView.swift */; };
		AFC55A6B29B789B40002C831 /* SexPickerView.swift in Sources */ = {isa = PBXBuildFile; fileRef = AFC55A6A29B789B40002C831 /* SexPickerView.swift */; };
		AFC55A6D29B789F20002C831 /* SexTextField.swift in Sources */ = {isa = PBXBuildFile; fileRef = AFC55A6C29B789F20002C831 /* SexTextField.swift */; };
		AFC55A6F29B78A2B0002C831 /* EditingTableView.swift in Sources */ = {isa = PBXBuildFile; fileRef = AFC55A6E29B78A2B0002C831 /* EditingTableView.swift */; };
/* End PBXBuildFile section */

/* Begin PBXFileReference section */
		AFC55A2029B780DD0002C831 /* RegistrationProfile.app */ = {isa = PBXFileReference; explicitFileType = wrapper.application; includeInIndex = 0; path = RegistrationProfile.app; sourceTree = BUILT_PRODUCTS_DIR; };
		AFC55A2329B780DD0002C831 /* AppDelegate.swift */ = {isa = PBXFileReference; lastKnownFileType = sourcecode.swift; path = AppDelegate.swift; sourceTree = "<group>"; };
		AFC55A2C29B780DE0002C831 /* Assets.xcassets */ = {isa = PBXFileReference; lastKnownFileType = folder.assetcatalog; path = Assets.xcassets; sourceTree = "<group>"; };
		AFC55A2F29B780DE0002C831 /* Base */ = {isa = PBXFileReference; lastKnownFileType = file.storyboard; name = Base; path = Base.lproj/LaunchScreen.storyboard; sourceTree = "<group>"; };
		AFC55A3129B780DE0002C831 /* Info.plist */ = {isa = PBXFileReference; lastKnownFileType = text.plist.xml; path = Info.plist; sourceTree = "<group>"; };
		AFC55A3E29B784A70002C831 /* MainTableView.swift */ = {isa = PBXFileReference; lastKnownFileType = sourcecode.swift; path = MainTableView.swift; sourceTree = "<group>"; };
		AFC55A4129B784D90002C831 /* Resources.swift */ = {isa = PBXFileReference; lastKnownFileType = sourcecode.swift; path = Resources.swift; sourceTree = "<group>"; };
		AFC55A4629B785180002C831 /* String + Extension.swift */ = {isa = PBXFileReference; lastKnownFileType = sourcecode.swift; path = "String + Extension.swift"; sourceTree = "<group>"; };
		AFC55A4829B7852A0002C831 /* Date + Extension.swift */ = {isa = PBXFileReference; lastKnownFileType = sourcecode.swift; path = "Date + Extension.swift"; sourceTree = "<group>"; };
		AFC55A4B29B7854E0002C831 /* UIView + Extension.swift */ = {isa = PBXFileReference; lastKnownFileType = sourcecode.swift; path = "UIView + Extension.swift"; sourceTree = "<group>"; };
		AFC55A4D29B785690002C831 /* UIViewController + Extension.swift */ = {isa = PBXFileReference; lastKnownFileType = sourcecode.swift; path = "UIViewController + Extension.swift"; sourceTree = "<group>"; };
		AFC55A4F29B785830002C831 /* UIBarButtonItem + Extension.swift */ = {isa = PBXFileReference; lastKnownFileType = sourcecode.swift; path = "UIBarButtonItem + Extension.swift"; sourceTree = "<group>"; };
		AFC55A5129B785990002C831 /* UITableView + Extension.swift */ = {isa = PBXFileReference; lastKnownFileType = sourcecode.swift; path = "UITableView + Extension.swift"; sourceTree = "<group>"; };
		AFC55A5329B785F70002C831 /* MainViewController.swift */ = {isa = PBXFileReference; lastKnownFileType = sourcecode.swift; path = MainViewController.swift; sourceTree = "<group>"; };
		AFC55A5529B7861C0002C831 /* UserModels.swift */ = {isa = PBXFileReference; lastKnownFileType = sourcecode.swift; path = UserModels.swift; sourceTree = "<group>"; };
		AFC55A5729B7864F0002C831 /* MainTableViewCell.swift */ = {isa = PBXFileReference; lastKnownFileType = sourcecode.swift; path = MainTableViewCell.swift; sourceTree = "<group>"; };
		AFC55A5A29B7868A0002C831 /* UserDefaultsHelper.swift */ = {isa = PBXFileReference; lastKnownFileType = sourcecode.swift; path = UserDefaultsHelper.swift; sourceTree = "<group>"; };
		AFC55A6029B788F60002C831 /* EditingTableViewController.swift */ = {isa = PBXFileReference; lastKnownFileType = sourcecode.swift; path = EditingTableViewController.swift; sourceTree = "<group>"; };
		AFC55A6229B789390002C831 /* TextViewTableViewCell.swift */ = {isa = PBXFileReference; lastKnownFileType = sourcecode.swift; path = TextViewTableViewCell.swift; sourceTree = "<group>"; };
		AFC55A6429B7895B0002C831 /* DatePickerTableViewCell.swift */ = {isa = PBXFileReference; lastKnownFileType = sourcecode.swift; path = DatePickerTableViewCell.swift; sourceTree = "<group>"; };
		AFC55A6629B7897A0002C831 /* PickerViewTableViewCell.swift */ = {isa = PBXFileReference; lastKnownFileType = sourcecode.swift; path = PickerViewTableViewCell.swift; sourceTree = "<group>"; };
		AFC55A6829B789A10002C831 /* NameTextView.swift */ = {isa = PBXFileReference; lastKnownFileType = sourcecode.swift; path = NameTextView.swift; sourceTree = "<group>"; };
		AFC55A6A29B789B40002C831 /* SexPickerView.swift */ = {isa = PBXFileReference; lastKnownFileType = sourcecode.swift; path = SexPickerView.swift; sourceTree = "<group>"; };
		AFC55A6C29B789F20002C831 /* SexTextField.swift */ = {isa = PBXFileReference; lastKnownFileType = sourcecode.swift; path = SexTextField.swift; sourceTree = "<group>"; };
		AFC55A6E29B78A2B0002C831 /* EditingTableView.swift */ = {isa = PBXFileReference; lastKnownFileType = sourcecode.swift; path = EditingTableView.swift; sourceTree = "<group>"; };
/* End PBXFileReference section */

/* Begin PBXFrameworksBuildPhase section */
		AFC55A1D29B780DD0002C831 /* Frameworks */ = {
			isa = PBXFrameworksBuildPhase;
			buildActionMask = 2147483647;
			files = (
			);
			runOnlyForDeploymentPostprocessing = 0;
		};
/* End PBXFrameworksBuildPhase section */

/* Begin PBXGroup section */
		AFC55A1729B780DD0002C831 = {
			isa = PBXGroup;
			children = (
				AFC55A2229B780DD0002C831 /* RegistrationProfile */,
				AFC55A2129B780DD0002C831 /* Products */,
			);
			sourceTree = "<group>";
		};
		AFC55A2129B780DD0002C831 /* Products */ = {
			isa = PBXGroup;
			children = (
				AFC55A2029B780DD0002C831 /* RegistrationProfile.app */,
			);
			name = Products;
			sourceTree = "<group>";
		};
		AFC55A2229B780DD0002C831 /* RegistrationProfile */ = {
			isa = PBXGroup;
			children = (
				AFC55A3729B783270002C831 /* Aplications */,
				AFC55A3A29B783CF0002C831 /* MainModule */,
				AFC55A5C29B786E20002C831 /* EditingModule */,
				AFC55A4029B784C00002C831 /* Resources */,
				AFC55A5929B786780002C831 /* Services */,
				AFC55A4529B7850D0002C831 /* Extensions */,
				AFC55A3829B7833A0002C831 /* SupporingFiles */,
			);
			path = RegistrationProfile;
			sourceTree = "<group>";
		};
		AFC55A3729B783270002C831 /* Aplications */ = {
			isa = PBXGroup;
			children = (
				AFC55A2329B780DD0002C831 /* AppDelegate.swift */,
			);
			path = Aplications;
			sourceTree = "<group>";
		};
		AFC55A3829B7833A0002C831 /* SupporingFiles */ = {
			isa = PBXGroup;
			children = (
				AFC55A2C29B780DE0002C831 /* Assets.xcassets */,
				AFC55A2E29B780DE0002C831 /* LaunchScreen.storyboard */,
				AFC55A3129B780DE0002C831 /* Info.plist */,
			);
			path = SupporingFiles;
			sourceTree = "<group>";
		};
		AFC55A3A29B783CF0002C831 /* MainModule */ = {
			isa = PBXGroup;
			children = (
				AFC55A3B29B783DD0002C831 /* Models */,
				AFC55A3C29B783E20002C831 /* Views */,
				AFC55A3D29B783EE0002C831 /* Controllers */,
			);
			path = MainModule;
			sourceTree = "<group>";
		};
		AFC55A3B29B783DD0002C831 /* Models */ = {
			isa = PBXGroup;
			children = (
				AFC55A5529B7861C0002C831 /* UserModels.swift */,
			);
			path = Models;
			sourceTree = "<group>";
		};
		AFC55A3C29B783E20002C831 /* Views */ = {
			isa = PBXGroup;
			children = (
				AFC55A3E29B784A70002C831 /* MainTableView.swift */,
				AFC55A5729B7864F0002C831 /* MainTableViewCell.swift */,
			);
			path = Views;
			sourceTree = "<group>";
		};
		AFC55A3D29B783EE0002C831 /* Controllers */ = {
			isa = PBXGroup;
			children = (
				AFC55A5329B785F70002C831 /* MainViewController.swift */,
			);
			path = Controllers;
			sourceTree = "<group>";
		};
		AFC55A4029B784C00002C831 /* Resources */ = {
			isa = PBXGroup;
			children = (
				AFC55A4129B784D90002C831 /* Resources.swift */,
			);
			path = Resources;
			sourceTree = "<group>";
		};
		AFC55A4529B7850D0002C831 /* Extensions */ = {
			isa = PBXGroup;
			children = (
				AFC55A4629B785180002C831 /* String + Extension.swift */,
				AFC55A4829B7852A0002C831 /* Date + Extension.swift */,
				AFC55A4A29B785390002C831 /* UIKit */,
			);
			path = Extensions;
			sourceTree = "<group>";
		};
		AFC55A4A29B785390002C831 /* UIKit */ = {
			isa = PBXGroup;
			children = (
				AFC55A4B29B7854E0002C831 /* UIView + Extension.swift */,
				AFC55A4D29B785690002C831 /* UIViewController + Extension.swift */,
				AFC55A4F29B785830002C831 /* UIBarButtonItem + Extension.swift */,
				AFC55A5129B785990002C831 /* UITableView + Extension.swift */,
			);
			path = UIKit;
			sourceTree = "<group>";
		};
		AFC55A5929B786780002C831 /* Services */ = {
			isa = PBXGroup;
			children = (
				AFC55A5A29B7868A0002C831 /* UserDefaultsHelper.swift */,
			);
			path = Services;
			sourceTree = "<group>";
		};
		AFC55A5C29B786E20002C831 /* EditingModule */ = {
			isa = PBXGroup;
			children = (
				AFC55A5D29B786F20002C831 /* Views */,
				AFC55A5F29B787180002C831 /* Controllers */,
			);
			path = EditingModule;
			sourceTree = "<group>";
		};
		AFC55A5D29B786F20002C831 /* Views */ = {
			isa = PBXGroup;
			children = (
				AFC55A5E29B787010002C831 /* Cell */,
				AFC55A6829B789A10002C831 /* NameTextView.swift */,
				AFC55A6A29B789B40002C831 /* SexPickerView.swift */,
				AFC55A6C29B789F20002C831 /* SexTextField.swift */,
				AFC55A6E29B78A2B0002C831 /* EditingTableView.swift */,
			);
			path = Views;
			sourceTree = "<group>";
		};
		AFC55A5E29B787010002C831 /* Cell */ = {
			isa = PBXGroup;
			children = (
				AFC55A6229B789390002C831 /* TextViewTableViewCell.swift */,
				AFC55A6429B7895B0002C831 /* DatePickerTableViewCell.swift */,
				AFC55A6629B7897A0002C831 /* PickerViewTableViewCell.swift */,
			);
			path = Cell;
			sourceTree = "<group>";
		};
		AFC55A5F29B787180002C831 /* Controllers */ = {
			isa = PBXGroup;
			children = (
				AFC55A6029B788F60002C831 /* EditingTableViewController.swift */,
			);
			path = Controllers;
			sourceTree = "<group>";
		};
/* End PBXGroup section */

/* Begin PBXNativeTarget section */
		AFC55A1F29B780DD0002C831 /* RegistrationProfile */ = {
			isa = PBXNativeTarget;
			buildConfigurationList = AFC55A3429B780DE0002C831 /* Build configuration list for PBXNativeTarget "RegistrationProfile" */;
			buildPhases = (
				AFC55A1C29B780DD0002C831 /* Sources */,
				AFC55A1D29B780DD0002C831 /* Frameworks */,
				AFC55A1E29B780DD0002C831 /* Resources */,
			);
			buildRules = (
			);
			dependencies = (
			);
			name = RegistrationProfile;
			productName = RegistrationProfile;
			productReference = AFC55A2029B780DD0002C831 /* RegistrationProfile.app */;
			productType = "com.apple.product-type.application";
		};
/* End PBXNativeTarget section */

/* Begin PBXProject section */
		AFC55A1829B780DD0002C831 /* Project object */ = {
			isa = PBXProject;
			attributes = {
				BuildIndependentTargetsInParallel = 1;
				LastSwiftUpdateCheck = 1420;
				LastUpgradeCheck = 1420;
				TargetAttributes = {
					AFC55A1F29B780DD0002C831 = {
						CreatedOnToolsVersion = 14.2;
					};
				};
			};
			buildConfigurationList = AFC55A1B29B780DD0002C831 /* Build configuration list for PBXProject "RegistrationProfile" */;
			compatibilityVersion = "Xcode 14.0";
			developmentRegion = en;
			hasScannedForEncodings = 0;
			knownRegions = (
				en,
				Base,
			);
			mainGroup = AFC55A1729B780DD0002C831;
			productRefGroup = AFC55A2129B780DD0002C831 /* Products */;
			projectDirPath = "";
			projectRoot = "";
			targets = (
				AFC55A1F29B780DD0002C831 /* RegistrationProfile */,
			);
		};
/* End PBXProject section */

/* Begin PBXResourcesBuildPhase section */
		AFC55A1E29B780DD0002C831 /* Resources */ = {
			isa = PBXResourcesBuildPhase;
			buildActionMask = 2147483647;
			files = (
				AFC55A3029B780DE0002C831 /* LaunchScreen.storyboard in Resources */,
				AFC55A2D29B780DE0002C831 /* Assets.xcassets in Resources */,
			);
			runOnlyForDeploymentPostprocessing = 0;
		};
/* End PBXResourcesBuildPhase section */

/* Begin PBXSourcesBuildPhase section */
		AFC55A1C29B780DD0002C831 /* Sources */ = {
			isa = PBXSourcesBuildPhase;
			buildActionMask = 2147483647;
			files = (
				AFC55A6129B788F60002C831 /* EditingTableViewController.swift in Sources */,
				AFC55A5B29B7868A0002C831 /* UserDefaultsHelper.swift in Sources */,
				AFC55A6729B7897A0002C831 /* PickerViewTableViewCell.swift in Sources */,
				AFC55A5829B7864F0002C831 /* MainTableViewCell.swift in Sources */,
				AFC55A3F29B784A70002C831 /* MainTableView.swift in Sources */,
				AFC55A5429B785F70002C831 /* MainViewController.swift in Sources */,
				AFC55A6929B789A10002C831 /* NameTextView.swift in Sources */,
				AFC55A6F29B78A2B0002C831 /* EditingTableView.swift in Sources */,
				AFC55A4229B784D90002C831 /* Resources.swift in Sources */,
				AFC55A4E29B785690002C831 /* UIViewController + Extension.swift in Sources */,
				AFC55A6529B7895B0002C831 /* DatePickerTableViewCell.swift in Sources */,
				AFC55A5229B785990002C831 /* UITableView + Extension.swift in Sources */,
				AFC55A4729B785180002C831 /* String + Extension.swift in Sources */,
				AFC55A4C29B7854E0002C831 /* UIView + Extension.swift in Sources */,
				AFC55A5029B785830002C831 /* UIBarButtonItem + Extension.swift in Sources */,
				AFC55A6D29B789F20002C831 /* SexTextField.swift in Sources */,
				AFC55A2429B780DD0002C831 /* AppDelegate.swift in Sources */,
				AFC55A5629B7861C0002C831 /* UserModels.swift in Sources */,
				AFC55A4929B7852A0002C831 /* Date + Extension.swift in Sources */,
				AFC55A6329B789390002C831 /* TextViewTableViewCell.swift in Sources */,
				AFC55A6B29B789B40002C831 /* SexPickerView.swift in Sources */,
			);
			runOnlyForDeploymentPostprocessing = 0;
		};
/* End PBXSourcesBuildPhase section */

/* Begin PBXVariantGroup section */
		AFC55A2E29B780DE0002C831 /* LaunchScreen.storyboard */ = {
			isa = PBXVariantGroup;
			children = (
				AFC55A2F29B780DE0002C831 /* Base */,
			);
			name = LaunchScreen.storyboard;
			sourceTree = "<group>";
		};
/* End PBXVariantGroup section */

/* Begin XCBuildConfiguration section */
		AFC55A3229B780DE0002C831 /* Debug */ = {
			isa = XCBuildConfiguration;
			buildSettings = {
				ALWAYS_SEARCH_USER_PATHS = NO;
				CLANG_ANALYZER_NONNULL = YES;
				CLANG_ANALYZER_NUMBER_OBJECT_CONVERSION = YES_AGGRESSIVE;
				CLANG_CXX_LANGUAGE_STANDARD = "gnu++20";
				CLANG_ENABLE_MODULES = YES;
				CLANG_ENABLE_OBJC_ARC = YES;
				CLANG_ENABLE_OBJC_WEAK = YES;
				CLANG_WARN_BLOCK_CAPTURE_AUTORELEASING = YES;
				CLANG_WARN_BOOL_CONVERSION = YES;
				CLANG_WARN_COMMA = YES;
				CLANG_WARN_CONSTANT_CONVERSION = YES;
				CLANG_WARN_DEPRECATED_OBJC_IMPLEMENTATIONS = YES;
				CLANG_WARN_DIRECT_OBJC_ISA_USAGE = YES_ERROR;
				CLANG_WARN_DOCUMENTATION_COMMENTS = YES;
				CLANG_WARN_EMPTY_BODY = YES;
				CLANG_WARN_ENUM_CONVERSION = YES;
				CLANG_WARN_INFINITE_RECURSION = YES;
				CLANG_WARN_INT_CONVERSION = YES;
				CLANG_WARN_NON_LITERAL_NULL_CONVERSION = YES;
				CLANG_WARN_OBJC_IMPLICIT_RETAIN_SELF = YES;
				CLANG_WARN_OBJC_LITERAL_CONVERSION = YES;
				CLANG_WARN_OBJC_ROOT_CLASS = YES_ERROR;
				CLANG_WARN_QUOTED_INCLUDE_IN_FRAMEWORK_HEADER = YES;
				CLANG_WARN_RANGE_LOOP_ANALYSIS = YES;
				CLANG_WARN_STRICT_PROTOTYPES = YES;
				CLANG_WARN_SUSPICIOUS_MOVE = YES;
				CLANG_WARN_UNGUARDED_AVAILABILITY = YES_AGGRESSIVE;
				CLANG_WARN_UNREACHABLE_CODE = YES;
				CLANG_WARN__DUPLICATE_METHOD_MATCH = YES;
				COPY_PHASE_STRIP = NO;
				DEBUG_INFORMATION_FORMAT = dwarf;
				ENABLE_STRICT_OBJC_MSGSEND = YES;
				ENABLE_TESTABILITY = YES;
				GCC_C_LANGUAGE_STANDARD = gnu11;
				GCC_DYNAMIC_NO_PIC = NO;
				GCC_NO_COMMON_BLOCKS = YES;
				GCC_OPTIMIZATION_LEVEL = 0;
				GCC_PREPROCESSOR_DEFINITIONS = (
					"DEBUG=1",
					"$(inherited)",
				);
				GCC_WARN_64_TO_32_BIT_CONVERSION = YES;
				GCC_WARN_ABOUT_RETURN_TYPE = YES_ERROR;
				GCC_WARN_UNDECLARED_SELECTOR = YES;
				GCC_WARN_UNINITIALIZED_AUTOS = YES_AGGRESSIVE;
				GCC_WARN_UNUSED_FUNCTION = YES;
				GCC_WARN_UNUSED_VARIABLE = YES;
				IPHONEOS_DEPLOYMENT_TARGET = 12.0;
				MTL_ENABLE_DEBUG_INFO = INCLUDE_SOURCE;
				MTL_FAST_MATH = YES;
				ONLY_ACTIVE_ARCH = YES;
				SDKROOT = iphoneos;
				SWIFT_ACTIVE_COMPILATION_CONDITIONS = DEBUG;
				SWIFT_OPTIMIZATION_LEVEL = "-Onone";
			};
			name = Debug;
		};
		AFC55A3329B780DE0002C831 /* Release */ = {
			isa = XCBuildConfiguration;
			buildSettings = {
				ALWAYS_SEARCH_USER_PATHS = NO;
				CLANG_ANALYZER_NONNULL = YES;
				CLANG_ANALYZER_NUMBER_OBJECT_CONVERSION = YES_AGGRESSIVE;
				CLANG_CXX_LANGUAGE_STANDARD = "gnu++20";
				CLANG_ENABLE_MODULES = YES;
				CLANG_ENABLE_OBJC_ARC = YES;
				CLANG_ENABLE_OBJC_WEAK = YES;
				CLANG_WARN_BLOCK_CAPTURE_AUTORELEASING = YES;
				CLANG_WARN_BOOL_CONVERSION = YES;
				CLANG_WARN_COMMA = YES;
				CLANG_WARN_CONSTANT_CONVERSION = YES;
				CLANG_WARN_DEPRECATED_OBJC_IMPLEMENTATIONS = YES;
				CLANG_WARN_DIRECT_OBJC_ISA_USAGE = YES_ERROR;
				CLANG_WARN_DOCUMENTATION_COMMENTS = YES;
				CLANG_WARN_EMPTY_BODY = YES;
				CLANG_WARN_ENUM_CONVERSION = YES;
				CLANG_WARN_INFINITE_RECURSION = YES;
				CLANG_WARN_INT_CONVERSION = YES;
				CLANG_WARN_NON_LITERAL_NULL_CONVERSION = YES;
				CLANG_WARN_OBJC_IMPLICIT_RETAIN_SELF = YES;
				CLANG_WARN_OBJC_LITERAL_CONVERSION = YES;
				CLANG_WARN_OBJC_ROOT_CLASS = YES_ERROR;
				CLANG_WARN_QUOTED_INCLUDE_IN_FRAMEWORK_HEADER = YES;
				CLANG_WARN_RANGE_LOOP_ANALYSIS = YES;
				CLANG_WARN_STRICT_PROTOTYPES = YES;
				CLANG_WARN_SUSPICIOUS_MOVE = YES;
				CLANG_WARN_UNGUARDED_AVAILABILITY = YES_AGGRESSIVE;
				CLANG_WARN_UNREACHABLE_CODE = YES;
				CLANG_WARN__DUPLICATE_METHOD_MATCH = YES;
				COPY_PHASE_STRIP = NO;
				DEBUG_INFORMATION_FORMAT = "dwarf-with-dsym";
				ENABLE_NS_ASSERTIONS = NO;
				ENABLE_STRICT_OBJC_MSGSEND = YES;
				GCC_C_LANGUAGE_STANDARD = gnu11;
				GCC_NO_COMMON_BLOCKS = YES;
				GCC_WARN_64_TO_32_BIT_CONVERSION = YES;
				GCC_WARN_ABOUT_RETURN_TYPE = YES_ERROR;
				GCC_WARN_UNDECLARED_SELECTOR = YES;
				GCC_WARN_UNINITIALIZED_AUTOS = YES_AGGRESSIVE;
				GCC_WARN_UNUSED_FUNCTION = YES;
				GCC_WARN_UNUSED_VARIABLE = YES;
				IPHONEOS_DEPLOYMENT_TARGET = 12.0;
				MTL_ENABLE_DEBUG_INFO = NO;
				MTL_FAST_MATH = YES;
				SDKROOT = iphoneos;
				SWIFT_COMPILATION_MODE = wholemodule;
				SWIFT_OPTIMIZATION_LEVEL = "-O";
				VALIDATE_PRODUCT = YES;
			};
			name = Release;
		};
		AFC55A3529B780DE0002C831 /* Debug */ = {
			isa = XCBuildConfiguration;
			buildSettings = {
				ASSETCATALOG_COMPILER_APPICON_NAME = AppIcon;
				ASSETCATALOG_COMPILER_GLOBAL_ACCENT_COLOR_NAME = AccentColor;
				CODE_SIGN_STYLE = Automatic;
				CURRENT_PROJECT_VERSION = 1;
				DEVELOPMENT_TEAM = K9BQPL835K;
				GENERATE_INFOPLIST_FILE = YES;
				INFOPLIST_FILE = RegistrationProfile/SupporingFiles/Info.plist;
				INFOPLIST_KEY_UIApplicationSupportsIndirectInputEvents = YES;
				INFOPLIST_KEY_UILaunchStoryboardName = LaunchScreen;
				INFOPLIST_KEY_UISupportedInterfaceOrientations = UIInterfaceOrientationPortrait;
				INFOPLIST_KEY_UISupportedInterfaceOrientations_iPad = "UIInterfaceOrientationLandscapeLeft UIInterfaceOrientationLandscapeRight UIInterfaceOrientationPortrait UIInterfaceOrientationPortraitUpsideDown";
				IPHONEOS_DEPLOYMENT_TARGET = 12.0;
				LD_RUNPATH_SEARCH_PATHS = (
					"$(inherited)",
					"@executable_path/Frameworks",
				);
				MARKETING_VERSION = 1.0;
				PRODUCT_BUNDLE_IDENTIFIER = com.my.RegistrationProfile;
				PRODUCT_NAME = "$(TARGET_NAME)";
				SUPPORTED_PLATFORMS = "iphoneos iphonesimulator";
				SUPPORTS_MACCATALYST = NO;
				SUPPORTS_MAC_DESIGNED_FOR_IPHONE_IPAD = NO;
				SWIFT_EMIT_LOC_STRINGS = YES;
				SWIFT_VERSION = 5.0;
				TARGETED_DEVICE_FAMILY = 1;
			};
			name = Debug;
		};
		AFC55A3629B780DE0002C831 /* Release */ = {
			isa = XCBuildConfiguration;
			buildSettings = {
				ASSETCATALOG_COMPILER_APPICON_NAME = AppIcon;
				ASSETCATALOG_COMPILER_GLOBAL_ACCENT_COLOR_NAME = AccentColor;
				CODE_SIGN_STYLE = Automatic;
				CURRENT_PROJECT_VERSION = 1;
				DEVELOPMENT_TEAM = K9BQPL835K;
				GENERATE_INFOPLIST_FILE = YES;
				INFOPLIST_FILE = RegistrationProfile/SupporingFiles/Info.plist;
				INFOPLIST_KEY_UIApplicationSupportsIndirectInputEvents = YES;
				INFOPLIST_KEY_UILaunchStoryboardName = LaunchScreen;
				INFOPLIST_KEY_UISupportedInterfaceOrientations = UIInterfaceOrientationPortrait;
				INFOPLIST_KEY_UISupportedInterfaceOrientations_iPad = "UIInterfaceOrientationLandscapeLeft UIInterfaceOrientationLandscapeRight UIInterfaceOrientationPortrait UIInterfaceOrientationPortraitUpsideDown";
				IPHONEOS_DEPLOYMENT_TARGET = 12.0;
				LD_RUNPATH_SEARCH_PATHS = (
					"$(inherited)",
					"@executable_path/Frameworks",
				);
				MARKETING_VERSION = 1.0;
				PRODUCT_BUNDLE_IDENTIFIER = com.my.RegistrationProfile;
				PRODUCT_NAME = "$(TARGET_NAME)";
				SUPPORTED_PLATFORMS = "iphoneos iphonesimulator";
				SUPPORTS_MACCATALYST = NO;
				SUPPORTS_MAC_DESIGNED_FOR_IPHONE_IPAD = NO;
				SWIFT_EMIT_LOC_STRINGS = YES;
				SWIFT_VERSION = 5.0;
				TARGETED_DEVICE_FAMILY = 1;
			};
			name = Release;
		};
/* End XCBuildConfiguration section */

/* Begin XCConfigurationList section */
		AFC55A1B29B780DD0002C831 /* Build configuration list for PBXProject "RegistrationProfile" */ = {
			isa = XCConfigurationList;
			buildConfigurations = (
				AFC55A3229B780DE0002C831 /* Debug */,
				AFC55A3329B780DE0002C831 /* Release */,
			);
			defaultConfigurationIsVisible = 0;
			defaultConfigurationName = Release;
		};
		AFC55A3429B780DE0002C831 /* Build configuration list for PBXNativeTarget "RegistrationProfile" */ = {
			isa = XCConfigurationList;
			buildConfigurations = (
				AFC55A3529B780DE0002C831 /* Debug */,
				AFC55A3629B780DE0002C831 /* Release */,
			);
			defaultConfigurationIsVisible = 0;
			defaultConfigurationName = Release;
		};
/* End XCConfigurationList section */
	};
	rootObject = AFC55A1829B780DD0002C831 /* Project object */;
}
